{
  "name": "test-project",
  "version": "1.0.0",
  "lockfileVersion": 3,
  "requires": true,
  "packages": {
    "": {
      "name": "test-project",
      "version": "1.0.0",
      "license": "ISC",
      "dependencies": {
        "express-messages": "^1.0.1"
      }
    },
    "node_modules/express-messages": {
      "version": "1.0.1",
      "resolved": "https://registry.npmjs.org/express-messages/-/express-messages-1.0.1.tgz",
      "integrity": "sha512-twwOvH1K0W7pPO/bz/Lq85GULnnZPQSPX3eLr7VRJyhQW9a+2vj9QI28r/AQhMu6bnNZkpxB/QflsDQi3hI7lQ==",
      "engines": {
        "node": ">= 0.10.0"
      }
    }
  }
}
